
Microsoft Visual Studio Solution File, Format Version 12.00
# Visual Studio Version 17
VisualStudioVersion = 17.14.36408.4
MinimumVisualStudioVersion = 10.0.40219.1
Project("{FAE04EC0-301F-11D3-BF4B-00C04F79EFBC}") = "yoloNet.core", "yoloNet.core\yoloNet.core.csproj", "{B4AA6D02-71D4-8EDB-C75F-9B7132A7626F}"
EndProject
Project("{FAE04EC0-301F-11D3-BF4B-00C04F79EFBC}") = "yoloNet", "yoloNet\yoloNet.csproj", "{BD6DE000-14E5-4F5A-D7C1-47428A2DD108}"
EndProject
Project("{FAE04EC0-301F-11D3-BF4B-00C04F79EFBC}") = "yoloNet.demo", "yoloNet.demo\yoloNet.demo.csproj", "{0D59BC32-9413-1C38-FFD4-5E9996CFFA8B}"
EndProject
Global
	GlobalSection(SolutionConfigurationPlatforms) = preSolution
		Debug|Any CPU = Debug|Any CPU
		Debug|x64 = Debug|x64
		Release|Any CPU = Release|Any CPU
		Release|x64 = Release|x64
	EndGlobalSection
	GlobalSection(ProjectConfigurationPlatforms) = postSolution
		{B4AA6D02-71D4-8EDB-C75F-9B7132A7626F}.Debug|Any CPU.ActiveCfg = Debug|Any CPU
		{B4AA6D02-71D4-8EDB-C75F-9B7132A7626F}.Debug|Any CPU.Build.0 = Debug|Any CPU
		{B4AA6D02-71D4-8EDB-C75F-9B7132A7626F}.Debug|x64.ActiveCfg = Debug|x64
		{B4AA6D02-71D4-8EDB-C75F-9B7132A7626F}.Debug|x64.Build.0 = Debug|x64
		{B4AA6D02-71D4-8EDB-C75F-9B7132A7626F}.Release|Any CPU.ActiveCfg = Release|Any CPU
		{B4AA6D02-71D4-8EDB-C75F-9B7132A7626F}.Release|Any CPU.Build.0 = Release|Any CPU
		{B4AA6D02-71D4-8EDB-C75F-9B7132A7626F}.Release|x64.ActiveCfg = Release|x64
		{B4AA6D02-71D4-8EDB-C75F-9B7132A7626F}.Release|x64.Build.0 = Release|x64
		{BD6DE000-14E5-4F5A-D7C1-47428A2DD108}.Debug|Any CPU.ActiveCfg = Debug|Any CPU
		{BD6DE000-14E5-4F5A-D7C1-47428A2DD108}.Debug|Any CPU.Build.0 = Debug|Any CPU
		{BD6DE000-14E5-4F5A-D7C1-47428A2DD108}.Debug|x64.ActiveCfg = Debug|x64
		{BD6DE000-14E5-4F5A-D7C1-47428A2DD108}.Debug|x64.Build.0 = Debug|x64
		{BD6DE000-14E5-4F5A-D7C1-47428A2DD108}.Release|Any CPU.ActiveCfg = Release|Any CPU
		{BD6DE000-14E5-4F5A-D7C1-47428A2DD108}.Release|Any CPU.Build.0 = Release|Any CPU
		{BD6DE000-14E5-4F5A-D7C1-47428A2DD108}.Release|x64.ActiveCfg = Release|x64
		{BD6DE000-14E5-4F5A-D7C1-47428A2DD108}.Release|x64.Build.0 = Release|x64
		{0D59BC32-9413-1C38-FFD4-5E9996CFFA8B}.Debug|Any CPU.ActiveCfg = Debug|Any CPU
		{0D59BC32-9413-1C38-FFD4-5E9996CFFA8B}.Debug|Any CPU.Build.0 = Debug|Any CPU
		{0D59BC32-9413-1C38-FFD4-5E9996CFFA8B}.Debug|x64.ActiveCfg = Debug|Any CPU
		{0D59BC32-9413-1C38-FFD4-5E9996CFFA8B}.Debug|x64.Build.0 = Debug|Any CPU
		{0D59BC32-9413-1C38-FFD4-5E9996CFFA8B}.Release|Any CPU.ActiveCfg = Release|Any CPU
		{0D59BC32-9413-1C38-FFD4-5E9996CFFA8B}.Release|Any CPU.Build.0 = Release|Any CPU
		{0D59BC32-9413-1C38-FFD4-5E9996CFFA8B}.Release|x64.ActiveCfg = Release|Any CPU
		{0D59BC32-9413-1C38-FFD4-5E9996CFFA8B}.Release|x64.Build.0 = Release|Any CPU
	EndGlobalSection
	GlobalSection(SolutionProperties) = preSolution
		HideSolutionNode = FALSE
	EndGlobalSection
	GlobalSection(ExtensibilityGlobals) = postSolution
		SolutionGuid = {2691B678-CFC9-4EA6-9E30-D342F5EC8106}
	EndGlobalSection
EndGlobal
