
Microsoft Visual Studio Solution File, Format Version 12.00
# Visual Studio Version 17
VisualStudioVersion = 17.14.36408.4
MinimumVisualStudioVersion = 10.0.40219.1
Project("{FAE04EC0-301F-11D3-BF4B-00C04F79EFBC}") = "yoloNet", "yoloNet.csproj", "{934285E6-13CF-4677-B660-CF99C7947448}"
EndProject
Project("{FAE04EC0-301F-11D3-BF4B-00C04F79EFBC}") = "yoloNet.core", "..\yoloNetDnn\yoloNet.core.csproj", "{0D73F5D7-12A6-4959-A6A9-641C764BE84D}"
EndProject
Global
	GlobalSection(SolutionConfigurationPlatforms) = preSolution
		Debug|Any CPU = Debug|Any CPU
		Release|Any CPU = Release|Any CPU
	EndGlobalSection
	GlobalSection(ProjectConfigurationPlatforms) = postSolution
		{934285E6-13CF-4677-B660-CF99C7947448}.Debug|Any CPU.ActiveCfg = Debug|Any CPU
		{934285E6-13CF-4677-B660-CF99C7947448}.Debug|Any CPU.Build.0 = Debug|Any CPU
		{934285E6-13CF-4677-B660-CF99C7947448}.Release|Any CPU.ActiveCfg = Release|Any CPU
		{934285E6-13CF-4677-B660-CF99C7947448}.Release|Any CPU.Build.0 = Release|Any CPU
		{0D73F5D7-12A6-4959-A6A9-641C764BE84D}.Debug|Any CPU.ActiveCfg = Debug|Any CPU
		{0D73F5D7-12A6-4959-A6A9-641C764BE84D}.Debug|Any CPU.Build.0 = Debug|Any CPU
		{0D73F5D7-12A6-4959-A6A9-641C764BE84D}.Release|Any CPU.ActiveCfg = Release|Any CPU
		{0D73F5D7-12A6-4959-A6A9-641C764BE84D}.Release|Any CPU.Build.0 = Release|Any CPU
	EndGlobalSection
	GlobalSection(SolutionProperties) = preSolution
		HideSolutionNode = FALSE
	EndGlobalSection
	GlobalSection(ExtensibilityGlobals) = postSolution
		SolutionGuid = {2691B678-CFC9-4EA6-9E30-D342F5EC8106}
	EndGlobalSection
EndGlobal
